dependencies:
- name: cas-postgres-cluster
  repository: https://bcgov.github.io/cas-postgres
  version: 1.2.0
- name: cas-airflow-dag-trigger
  repository: https://bcgov.github.io/cas-airflow
  version: 1.2.2
digest: sha256:8726974ce203ac7f19f3acaee705bb5bd18e876729e2c76b7983f184ec54473d
generated: "2026-07-17T14:34:22.984802922-06:00"
