dependencies:
- name: cas-postgres-cluster
  repository: https://bcgov.github.io/cas-postgres
  version: 1.2.0
- name: cas-airflow-dag-trigger
  repository: https://bcgov.github.io/cas-airflow
  version: 1.1.0
- name: cas-airflow-dag-trigger
  repository: https://bcgov.github.io/cas-airflow
  version: 1.1.0
digest: sha256:1ec16042daa7030a198d7d117c334bfab9dd34cf0bed4b3f65891c8782787882
generated: "2025-09-11T13:41:23.535899785-06:00"
