dependencies:
- name: cas-postgres-cluster
  repository: https://bcgov.github.io/cas-postgres
  version: 1.2.0
- name: cas-airflow-dag-trigger
  repository: https://bcgov.github.io/cas-airflow
  version: 1.0.21
- name: cas-airflow-dag-trigger
  repository: https://bcgov.github.io/cas-airflow
  version: 1.0.21
digest: sha256:32b3566192704e3d419e365eb8ebd0f0ee5a32197cc7d5490d01beed571800c8
generated: "2025-07-22T15:38:49.005121-07:00"
